PODS:
  - AFNetworking (3.2.1):
    - AFNetworking/NSURLSession (= 3.2.1)
    - AFNetworking/Reachability (= 3.2.1)
    - AFNetworking/Security (= 3.2.1)
    - AFNetworking/Serialization (= 3.2.1)
    - AFNetworking/UIKit (= 3.2.1)
  - AFNetworking/NSURLSession (3.2.1):
    - AFNetworking/Reachability
    - AFNetworking/Security
    - AFNetworking/Serialization
  - AFNetworking/Reachability (3.2.1)
  - AFNetworking/Security (3.2.1)
  - AFNetworking/Serialization (3.2.1)
  - AFNetworking/UIKit (3.2.1):
    - AFNetworking/NSURLSession
  - Alamofire (4.4.0)
  - Crashlytics (3.8.4):
    - Fabric (~> 1.6.3)
  - Fabric (1.6.11)
  - JSQSystemSoundPlayer (2.0.1)
  - lottie-ios (1.5.1)
  - Material (2.6.3):
    - Material/Core (= 2.6.3)
  - Material/Core (2.6.3)
  - MonkeyKit (1.2.0):
    - AFNetworking
    - UICKeyChainStore
  - MonkeyKitUI (7.4.0):
    - JSQSystemSoundPlayer (~> 2.0.1)
  - Realm (3.7.6):
    - Realm/Headers (= 3.7.6)
  - Realm/Headers (3.7.6)
  - RealmSwift (3.7.6):
    - Realm (= 3.7.6)
  - SDWebImage (3.8.2):
    - SDWebImage/Core (= 3.8.2)
  - SDWebImage/Core (3.8.2)
  - SwiftSpinner (1.2.1)
  - UICKeyChainStore (2.1.1)
  - Unbox (2.4.0)
  - Whisper (4.0.0)

DEPENDENCIES:
  - Alamofire (~> 4.4)
  - Crashlytics
  - Fabric
  - lottie-ios
  - Material (~> 2.0)
  - MonkeyKit (from `~/Documents/Git/talktolk-iOS-SDK`)
  - MonkeyKitUI (from `https://github.com/Criptext/Monkey-UI-iOS.git`, branch `7.4.1`)
  - RealmSwift
  - SDWebImage (~> 3.8.1)
  - SwiftSpinner
  - Unbox
  - Whisper (from `https://github.com/hyperoslo/Whisper.git`)

SPEC REPOS:
  https://github.com/CocoaPods/Specs.git:
    - AFNetworking
    - Alamofire
    - Crashlytics
    - Fabric
    - JSQSystemSoundPlayer
    - lottie-ios
    - Material
    - Realm
    - RealmSwift
    - SDWebImage
    - SwiftSpinner
    - UICKeyChainStore
    - Unbox

EXTERNAL SOURCES:
  MonkeyKit:
    :path: "~/Documents/Git/talktolk-iOS-SDK"
  MonkeyKitUI:
    :branch: 7.4.1
    :git: https://github.com/Criptext/Monkey-UI-iOS.git
  Whisper:
    :git: https://github.com/hyperoslo/Whisper.git

CHECKOUT OPTIONS:
  MonkeyKitUI:
    :commit: 1b08ccd501b5a88db47e3a7670428d7ccb16f37b
    :git: https://github.com/Criptext/Monkey-UI-iOS.git
  Whisper:
    :commit: 4da9433a2028125aaceb15bdd987480d22a13fa6
    :git: https://github.com/hyperoslo/Whisper.git

SPEC CHECKSUMS:
  AFNetworking: b6f891fdfaed196b46c7a83cf209e09697b94057
  Alamofire: dc44b1600b800eb63da6a19039a0083d62a6a62d
  Crashlytics: 79e236942ca1e7fc641df1feb9a275360a78ab6a
  Fabric: 5911403591946b8228ab1c51d98f1d7137e863c6
  JSQSystemSoundPlayer: c5850e77a4363ffd374cd851154b9af93264ed8d
  lottie-ios: f680a7c4cb7a567ecf258fde0f967913aff111b8
  Material: af607a7ec0e9978ef85cf189a3d8ceeeb650400f
  MonkeyKit: 1a5489086d347633a8175643ce1ba44d61d7f8bc
  MonkeyKitUI: dd2042fbde1256efa413b3543de85c803d7718ac
  Realm: 9eaecad54712d6246d08ba34c10f354e4715d7d3
  RealmSwift: 1fe08b4ebaeeaacf17f9ba0343f7b25c9fc31fa6
  SDWebImage: 098e97e6176540799c27e804c96653ee0833d13c
  SwiftSpinner: 62a28bbb4035f252a1e91b0e17fc40bdbbfa0aab
  UICKeyChainStore: 239558492fa260531a0774cfc611ea83a6eaff3a
  Unbox: c8b2ab69d3337597b4a3f47a0538807dc12db670
  Whisper: 08be92623311f8e53201e62e17f6d7b9599a4714

PODFILE CHECKSUM: 76c8d5d0cb2b2b7d33ad284dbd385822a485640d

COCOAPODS: 1.5.0
